<?xml version="1.0" encoding="utf-8"?>
<Project ToolsVersion="4.0" xmlns="http://schemas.microsoft.com/developer/msbuild/2003">
  <ItemGroup>
    <Filter Include="Console">
      <UniqueIdentifier>{93995380-89BD-4b04-88EB-625FBE52EBFB}</UniqueIdentifier>
      <Extensions>h;hh;hpp;hxx;h++;hm;inl;inc;ipp;xsd</Extensions>
    </Filter>
    <Filter Include="Comparators">
      <UniqueIdentifier>{4FC737F1-C7A5-4376-A066-2A32D752A2FF}</UniqueIdentifier>
      <Extensions>cpp;c;cc;cxx;c++;cppm;ixx;def;odl;idl;hpj;bat;asm;asmx</Extensions>
    </Filter>
  </ItemGroup>
  <ItemGroup>
    <ClCompile Include="strdup.c">
      <Filter>Comparators</Filter>
    </ClCompile>
    <ClCompile Include="printf.c">
      <Filter>Comparators</Filter>
    </ClCompile>
    <ClCompile Include="strcmp.c">
      <Filter>Comparators</Filter>
    </ClCompile>
    <ClCompile Include="strncmp.c">
      <Filter>Comparators</Filter>
    </ClCompile>
    <ClCompile Include="strstr.c">
      <Filter>Comparators</Filter>
    </ClCompile>
    <ClCompile Include="fabs.c">
      <Filter>Comparators</Filter>
    </ClCompile>
    <ClCompile Include="abs.c">
      <Filter>Comparators</Filter>
    </ClCompile>
    <ClCompile Include="strncpy.c">
      <Filter>Comparators</Filter>
    </ClCompile>
    <ClCompile Include="toupper.c">
      <Filter>Comparators</Filter>
    </ClCompile>
    <ClCompile Include="strnicmp.c">
      <Filter>Comparators</Filter>
    </ClCompile>
    <ClCompile Include="strlen.c">
      <Filter>Comparators</Filter>
    </ClCompile>
    <ClCompile Include="memmove.c">
      <Filter>Comparators</Filter>
    </ClCompile>
    <ClCompile Include="atoi.c">
      <Filter>Comparators</Filter>
    </ClCompile>
    <ClCompile Include="isspace.c">
      <Filter>Comparators</Filter>
    </ClCompile>
    <ClCompile Include="stricmp.c">
      <Filter>Comparators</Filter>
    </ClCompile>
    <ClCompile Include="strchr.c">
      <Filter>Comparators</Filter>
    </ClCompile>
    <ClCompile Include="strtoul.c">
      <Filter>Comparators</Filter>
    </ClCompile>
    <ClCompile Include="isdigit.c">
      <Filter>Comparators</Filter>
    </ClCompile>
    <ClCompile Include="isupper.c">
      <Filter>Comparators</Filter>
    </ClCompile>
    <ClCompile Include="isalpha.c">
      <Filter>Comparators</Filter>
    </ClCompile>
  </ItemGroup>
  <ItemGroup>
    <ClInclude Include="printf.h">
      <Filter>Console</Filter>
    </ClInclude>
  </ItemGroup>
</Project>